
Microsoft Visual Studio Solution File, Format Version 12.00
# Visual Studio Version 16
VisualStudioVersion = 16.0.31424.327
MinimumVisualStudioVersion = 10.0.40219.1
Project("{FAE04EC0-301F-11D3-BF4B-00C04F79EFBC}") = "Composite.APP", "Composite.APP\Composite.APP.csproj", "{7665AF48-3FF8-45B5-8357-457577881FB3}"
EndProject
Global
	GlobalSection(SolutionConfigurationPlatforms) = preSolution
		Debug|Any CPU = Debug|Any CPU
		Release|Any CPU = Release|Any CPU
	EndGlobalSection
	GlobalSection(ProjectConfigurationPlatforms) = postSolution
		{7665AF48-3FF8-45B5-8357-457577881FB3}.Debug|Any CPU.ActiveCfg = Debug|Any CPU
		{7665AF48-3FF8-45B5-8357-457577881FB3}.Debug|Any CPU.Build.0 = Debug|Any CPU
		{7665AF48-3FF8-45B5-8357-457577881FB3}.Release|Any CPU.ActiveCfg = Release|Any CPU
		{7665AF48-3FF8-45B5-8357-457577881FB3}.Release|Any CPU.Build.0 = Release|Any CPU
	EndGlobalSection
	GlobalSection(SolutionProperties) = preSolution
		HideSolutionNode = FALSE
	EndGlobalSection
	GlobalSection(ExtensibilityGlobals) = postSolution
		SolutionGuid = {91A092C8-68CC-4B8F-9CB0-8DC45E94B727}
	EndGlobalSection
EndGlobal
